
Microsoft Visual Studio Solution File, Format Version 12.00
# Visual Studio Version 16
VisualStudioVersion = 16.0.30907.101
MinimumVisualStudioVersion = 10.0.40219.1
Project("{FAE04EC0-301F-11D3-BF4B-00C04F79EFBC}") = "ApiMonitoring", "ApiMonitoring\ApiMonitoring.csproj", "{F1ADFB9C-34B5-478A-ABC9-76F6B3458DB4}"
EndProject
Global
	GlobalSection(SolutionConfigurationPlatforms) = preSolution
		Debug|Any CPU = Debug|Any CPU
		Release|Any CPU = Release|Any CPU
	EndGlobalSection
	GlobalSection(ProjectConfigurationPlatforms) = postSolution
		{F1ADFB9C-34B5-478A-ABC9-76F6B3458DB4}.Debug|Any CPU.ActiveCfg = Debug|Any CPU
		{F1ADFB9C-34B5-478A-ABC9-76F6B3458DB4}.Debug|Any CPU.Build.0 = Debug|Any CPU
		{F1ADFB9C-34B5-478A-ABC9-76F6B3458DB4}.Release|Any CPU.ActiveCfg = Release|Any CPU
		{F1ADFB9C-34B5-478A-ABC9-76F6B3458DB4}.Release|Any CPU.Build.0 = Release|Any CPU
	EndGlobalSection
	GlobalSection(SolutionProperties) = preSolution
		HideSolutionNode = FALSE
	EndGlobalSection
	GlobalSection(ExtensibilityGlobals) = postSolution
		SolutionGuid = {A37CA09F-D54E-4781-8789-E3FE72325FD1}
	EndGlobalSection
EndGlobal
